
Microsoft Visual Studio Solution File, Format Version 12.00
Project("{F2A71F9B-5D33-465A-A702-920D77279786}") = "hw4", "hw4\hw4.fsproj", "{AD0E6199-A77F-4BB8-B4A9-FBC590D97FAE}"
EndProject
Project("{FAE04EC0-301F-11D3-BF4B-00C04F79EFBC}") = "hw4.tests", "hw4.tests\hw4.tests.csproj", "{64682870-39F0-4A5E-B016-A7E8EF075262}"
EndProject
Global
	GlobalSection(SolutionConfigurationPlatforms) = preSolution
		Debug|Any CPU = Debug|Any CPU
		Release|Any CPU = Release|Any CPU
	EndGlobalSection
	GlobalSection(ProjectConfigurationPlatforms) = postSolution
		{AD0E6199-A77F-4BB8-B4A9-FBC590D97FAE}.Debug|Any CPU.ActiveCfg = Debug|Any CPU
		{AD0E6199-A77F-4BB8-B4A9-FBC590D97FAE}.Debug|Any CPU.Build.0 = Debug|Any CPU
		{AD0E6199-A77F-4BB8-B4A9-FBC590D97FAE}.Release|Any CPU.ActiveCfg = Release|Any CPU
		{AD0E6199-A77F-4BB8-B4A9-FBC590D97FAE}.Release|Any CPU.Build.0 = Release|Any CPU
		{64682870-39F0-4A5E-B016-A7E8EF075262}.Debug|Any CPU.ActiveCfg = Debug|Any CPU
		{64682870-39F0-4A5E-B016-A7E8EF075262}.Debug|Any CPU.Build.0 = Debug|Any CPU
		{64682870-39F0-4A5E-B016-A7E8EF075262}.Release|Any CPU.ActiveCfg = Release|Any CPU
		{64682870-39F0-4A5E-B016-A7E8EF075262}.Release|Any CPU.Build.0 = Release|Any CPU
	EndGlobalSection
EndGlobal
